// !$*UTF8*$!
{
	archiveVersion = 1;
	classes = {
	};
	objectVersion = 50;
	objects = {

/* Begin PBXBuildFile section */
		524CAD26219DB3E60014980B /* AppDelegate.swift in Sources */ = {isa = PBXBuildFile; fileRef = 524CAD25219DB3E60014980B /* AppDelegate.swift */; };
		524CAD2B219DB3E60014980B /* Main.storyboard in Resources */ = {isa = PBXBuildFile; fileRef = 524CAD29219DB3E60014980B /* Main.storyboard */; };
		524CAD2D219DB3ED0014980B /* Assets.xcassets in Resources */ = {isa = PBXBuildFile; fileRef = 524CAD2C219DB3ED0014980B /* Assets.xcassets */; };
		524CAD30219DB3ED0014980B /* LaunchScreen.storyboard in Resources */ = {isa = PBXBuildFile; fileRef = 524CAD2E219DB3ED0014980B /* LaunchScreen.storyboard */; };
		524CAD3B219DB3ED0014980B /* WPBrowserTests.swift in Sources */ = {isa = PBXBuildFile; fileRef = 524CAD3A219DB3ED0014980B /* WPBrowserTests.swift */; };
		524CAD46219DB3ED0014980B /* WPBrowserUITests.swift in Sources */ = {isa = PBXBuildFile; fileRef = 524CAD45219DB3ED0014980B /* WPBrowserUITests.swift */; };
		524CAD54219DB5480014980B /* NewsViewController.swift in Sources */ = {isa = PBXBuildFile; fileRef = 524CAD53219DB5480014980B /* NewsViewController.swift */; };
		524CAD57219DB83B0014980B /* NewsCell.swift in Sources */ = {isa = PBXBuildFile; fileRef = 524CAD55219DB83B0014980B /* NewsCell.swift */; };
		524CAD58219DB83B0014980B /* NewsCell.xib in Resources */ = {isa = PBXBuildFile; fileRef = 524CAD56219DB83B0014980B /* NewsCell.xib */; };
/* End PBXBuildFile section */

/* Begin PBXContainerItemProxy section */
		524CAD37219DB3ED0014980B /* PBXContainerItemProxy */ = {
			isa = PBXContainerItemProxy;
			containerPortal = 524CAD1A219DB3E60014980B /* Project object */;
			proxyType = 1;
			remoteGlobalIDString = 524CAD21219DB3E60014980B;
			remoteInfo = WPBrowser;
		};
		524CAD42219DB3ED0014980B /* PBXContainerItemProxy */ = {
			isa = PBXContainerItemProxy;
			containerPortal = 524CAD1A219DB3E60014980B /* Project object */;
			proxyType = 1;
			remoteGlobalIDString = 524CAD21219DB3E60014980B;
			remoteInfo = WPBrowser;
		};
/* End PBXContainerItemProxy section */

/* Begin PBXFileReference section */
		524CAD22219DB3E60014980B /* WPBrowser.app */ = {isa = PBXFileReference; explicitFileType = wrapper.application; includeInIndex = 0; path = WPBrowser.app; sourceTree = BUILT_PRODUCTS_DIR; };
		524CAD25219DB3E60014980B /* AppDelegate.swift */ = {isa = PBXFileReference; lastKnownFileType = sourcecode.swift; path = AppDelegate.swift; sourceTree = "<group>"; };
		524CAD2A219DB3E60014980B /* Base */ = {isa = PBXFileReference; lastKnownFileType = file.storyboard; name = Base; path = Base.lproj/Main.storyboard; sourceTree = "<group>"; };
		524CAD2C219DB3ED0014980B /* Assets.xcassets */ = {isa = PBXFileReference; lastKnownFileType = folder.assetcatalog; path = Assets.xcassets; sourceTree = "<group>"; };
		524CAD2F219DB3ED0014980B /* Base */ = {isa = PBXFileReference; lastKnownFileType = file.storyboard; name = Base; path = Base.lproj/LaunchScreen.storyboard; sourceTree = "<group>"; };
		524CAD31219DB3ED0014980B /* Info.plist */ = {isa = PBXFileReference; lastKnownFileType = text.plist.xml; path = Info.plist; sourceTree = "<group>"; };
		524CAD36219DB3ED0014980B /* WPBrowserTests.xctest */ = {isa = PBXFileReference; explicitFileType = wrapper.cfbundle; includeInIndex = 0; path = WPBrowserTests.xctest; sourceTree = BUILT_PRODUCTS_DIR; };
		524CAD3A219DB3ED0014980B /* WPBrowserTests.swift */ = {isa = PBXFileReference; lastKnownFileType = sourcecode.swift; path = WPBrowserTests.swift; sourceTree = "<group>"; };
		524CAD3C219DB3ED0014980B /* Info.plist */ = {isa = PBXFileReference; lastKnownFileType = text.plist.xml; path = Info.plist; sourceTree = "<group>"; };
		524CAD41219DB3ED0014980B /* WPBrowserUITests.xctest */ = {isa = PBXFileReference; explicitFileType = wrapper.cfbundle; includeInIndex = 0; path = WPBrowserUITests.xctest; sourceTree = BUILT_PRODUCTS_DIR; };
		524CAD45219DB3ED0014980B /* WPBrowserUITests.swift */ = {isa = PBXFileReference; lastKnownFileType = sourcecode.swift; path = WPBrowserUITests.swift; sourceTree = "<group>"; };
		524CAD47219DB3ED0014980B /* Info.plist */ = {isa = PBXFileReference; lastKnownFileType = text.plist.xml; path = Info.plist; sourceTree = "<group>"; };
		524CAD53219DB5480014980B /* NewsViewController.swift */ = {isa = PBXFileReference; lastKnownFileType = sourcecode.swift; path = NewsViewController.swift; sourceTree = "<group>"; };
		524CAD55219DB83B0014980B /* NewsCell.swift */ = {isa = PBXFileReference; lastKnownFileType = sourcecode.swift; path = NewsCell.swift; sourceTree = "<group>"; };
		524CAD56219DB83B0014980B /* NewsCell.xib */ = {isa = PBXFileReference; lastKnownFileType = file.xib; path = NewsCell.xib; sourceTree = "<group>"; };
/* End PBXFileReference section */

/* Begin PBXFrameworksBuildPhase section */
		524CAD1F219DB3E60014980B /* Frameworks */ = {
			isa = PBXFrameworksBuildPhase;
			buildActionMask = 2147483647;
			files = (
			);
			runOnlyForDeploymentPostprocessing = 0;
		};
		524CAD33219DB3ED0014980B /* Frameworks */ = {
			isa = PBXFrameworksBuildPhase;
			buildActionMask = 2147483647;
			files = (
			);
			runOnlyForDeploymentPostprocessing = 0;
		};
		524CAD3E219DB3ED0014980B /* Frameworks */ = {
			isa = PBXFrameworksBuildPhase;
			buildActionMask = 2147483647;
			files = (
			);
			runOnlyForDeploymentPostprocessing = 0;
		};
/* End PBXFrameworksBuildPhase section */

/* Begin PBXGroup section */
		524CAD19219DB3E60014980B = {
			isa = PBXGroup;
			children = (
				524CAD24219DB3E60014980B /* WPBrowser */,
				524CAD39219DB3ED0014980B /* WPBrowserTests */,
				524CAD44219DB3ED0014980B /* WPBrowserUITests */,
				524CAD23219DB3E60014980B /* Products */,
			);
			sourceTree = "<group>";
		};
		524CAD23219DB3E60014980B /* Products */ = {
			isa = PBXGroup;
			children = (
				524CAD22219DB3E60014980B /* WPBrowser.app */,
				524CAD36219DB3ED0014980B /* WPBrowserTests.xctest */,
				524CAD41219DB3ED0014980B /* WPBrowserUITests.xctest */,
			);
			name = Products;
			sourceTree = "<group>";
		};
		524CAD24219DB3E60014980B /* WPBrowser */ = {
			isa = PBXGroup;
			children = (
				524CAD25219DB3E60014980B /* AppDelegate.swift */,
				524CAD29219DB3E60014980B /* Main.storyboard */,
				524CAD2C219DB3ED0014980B /* Assets.xcassets */,
				524CAD2E219DB3ED0014980B /* LaunchScreen.storyboard */,
				524CAD31219DB3ED0014980B /* Info.plist */,
				524CAD53219DB5480014980B /* NewsViewController.swift */,
				524CAD55219DB83B0014980B /* NewsCell.swift */,
				524CAD56219DB83B0014980B /* NewsCell.xib */,
			);
			path = WPBrowser;
			sourceTree = "<group>";
		};
		524CAD39219DB3ED0014980B /* WPBrowserTests */ = {
			isa = PBXGroup;
			children = (
				524CAD3A219DB3ED0014980B /* WPBrowserTests.swift */,
				524CAD3C219DB3ED0014980B /* Info.plist */,
			);
			path = WPBrowserTests;
			sourceTree = "<group>";
		};
		524CAD44219DB3ED0014980B /* WPBrowserUITests */ = {
			isa = PBXGroup;
			children = (
				524CAD45219DB3ED0014980B /* WPBrowserUITests.swift */,
				524CAD47219DB3ED0014980B /* Info.plist */,
			);
			path = WPBrowserUITests;
			sourceTree = "<group>";
		};
/* End PBXGroup section */

/* Begin PBXNativeTarget section */
		524CAD21219DB3E60014980B /* WPBrowser */ = {
			isa = PBXNativeTarget;
			buildConfigurationList = 524CAD4A219DB3ED0014980B /* Build configuration list for PBXNativeTarget "WPBrowser" */;
			buildPhases = (
				524CAD1E219DB3E60014980B /* Sources */,
				524CAD1F219DB3E60014980B /* Frameworks */,
				524CAD20219DB3E60014980B /* Resources */,
			);
			buildRules = (
			);
			dependencies = (
			);
			name = WPBrowser;
			productName = WPBrowser;
			productReference = 524CAD22219DB3E60014980B /* WPBrowser.app */;
			productType = "com.apple.product-type.application";
		};
		524CAD35219DB3ED0014980B /* WPBrowserTests */ = {
			isa = PBXNativeTarget;
			buildConfigurationList = 524CAD4D219DB3ED0014980B /* Build configuration list for PBXNativeTarget "WPBrowserTests" */;
			buildPhases = (
				524CAD32219DB3ED0014980B /* Sources */,
				524CAD33219DB3ED0014980B /* Frameworks */,
				524CAD34219DB3ED0014980B /* Resources */,
			);
			buildRules = (
			);
			dependencies = (
				524CAD38219DB3ED0014980B /* PBXTargetDependency */,
			);
			name = WPBrowserTests;
			productName = WPBrowserTests;
			productReference = 524CAD36219DB3ED0014980B /* WPBrowserTests.xctest */;
			productType = "com.apple.product-type.bundle.unit-test";
		};
		524CAD40219DB3ED0014980B /* WPBrowserUITests */ = {
			isa = PBXNativeTarget;
			buildConfigurationList = 524CAD50219DB3ED0014980B /* Build configuration list for PBXNativeTarget "WPBrowserUITests" */;
			buildPhases = (
				524CAD3D219DB3ED0014980B /* Sources */,
				524CAD3E219DB3ED0014980B /* Frameworks */,
				524CAD3F219DB3ED0014980B /* Resources */,
			);
			buildRules = (
			);
			dependencies = (
				524CAD43219DB3ED0014980B /* PBXTargetDependency */,
			);
			name = WPBrowserUITests;
			productName = WPBrowserUITests;
			productReference = 524CAD41219DB3ED0014980B /* WPBrowserUITests.xctest */;
			productType = "com.apple.product-type.bundle.ui-testing";
		};
/* End PBXNativeTarget section */

/* Begin PBXProject section */
		524CAD1A219DB3E60014980B /* Project object */ = {
			isa = PBXProject;
			attributes = {
				LastSwiftUpdateCheck = 1010;
				LastUpgradeCheck = 1010;
				ORGANIZATIONNAME = ymgn;
				TargetAttributes = {
					524CAD21219DB3E60014980B = {
						CreatedOnToolsVersion = 10.1;
					};
					524CAD35219DB3ED0014980B = {
						CreatedOnToolsVersion = 10.1;
						TestTargetID = 524CAD21219DB3E60014980B;
					};
					524CAD40219DB3ED0014980B = {
						CreatedOnToolsVersion = 10.1;
						TestTargetID = 524CAD21219DB3E60014980B;
					};
				};
			};
			buildConfigurationList = 524CAD1D219DB3E60014980B /* Build configuration list for PBXProject "WPBrowser" */;
			compatibilityVersion = "Xcode 9.3";
			developmentRegion = en;
			hasScannedForEncodings = 0;
			knownRegions = (
				en,
				Base,
			);
			mainGroup = 524CAD19219DB3E60014980B;
			productRefGroup = 524CAD23219DB3E60014980B /* Products */;
			projectDirPath = "";
			projectRoot = "";
			targets = (
				524CAD21219DB3E60014980B /* WPBrowser */,
				524CAD35219DB3ED0014980B /* WPBrowserTests */,
				524CAD40219DB3ED0014980B /* WPBrowserUITests */,
			);
		};
/* End PBXProject section */

/* Begin PBXResourcesBuildPhase section */
		524CAD20219DB3E60014980B /* Resources */ = {
			isa = PBXResourcesBuildPhase;
			buildActionMask = 2147483647;
			files = (
				524CAD30219DB3ED0014980B /* LaunchScreen.storyboard in Resources */,
				524CAD2D219DB3ED0014980B /* Assets.xcassets in Resources */,
				524CAD58219DB83B0014980B /* NewsCell.xib in Resources */,
				524CAD2B219DB3E60014980B /* Main.storyboard in Resources */,
			);
			runOnlyForDeploymentPostprocessing = 0;
		};
		524CAD34219DB3ED0014980B /* Resources */ = {
			isa = PBXResourcesBuildPhase;
			buildActionMask = 2147483647;
			files = (
			);
			runOnlyForDeploymentPostprocessing = 0;
		};
		524CAD3F219DB3ED0014980B /* Resources */ = {
			isa = PBXResourcesBuildPhase;
			buildActionMask = 2147483647;
			files = (
			);
			runOnlyForDeploymentPostprocessing = 0;
		};
/* End PBXResourcesBuildPhase section */

/* Begin PBXSourcesBuildPhase section */
		524CAD1E219DB3E60014980B /* Sources */ = {
			isa = PBXSourcesBuildPhase;
			buildActionMask = 2147483647;
			files = (
				524CAD26219DB3E60014980B /* AppDelegate.swift in Sources */,
				524CAD57219DB83B0014980B /* NewsCell.swift in Sources */,
				524CAD54219DB5480014980B /* NewsViewController.swift in Sources */,
			);
			runOnlyForDeploymentPostprocessing = 0;
		};
		524CAD32219DB3ED0014980B /* Sources */ = {
			isa = PBXSourcesBuildPhase;
			buildActionMask = 2147483647;
			files = (
				524CAD3B219DB3ED0014980B /* WPBrowserTests.swift in Sources */,
			);
			runOnlyForDeploymentPostprocessing = 0;
		};
		524CAD3D219DB3ED0014980B /* Sources */ = {
			isa = PBXSourcesBuildPhase;
			buildActionMask = 2147483647;
			files = (
				524CAD46219DB3ED0014980B /* WPBrowserUITests.swift in Sources */,
			);
			runOnlyForDeploymentPostprocessing = 0;
		};
/* End PBXSourcesBuildPhase section */

/* Begin PBXTargetDependency section */
		524CAD38219DB3ED0014980B /* PBXTargetDependency */ = {
			isa = PBXTargetDependency;
			target = 524CAD21219DB3E60014980B /* WPBrowser */;
			targetProxy = 524CAD37219DB3ED0014980B /* PBXContainerItemProxy */;
		};
		524CAD43219DB3ED0014980B /* PBXTargetDependency */ = {
			isa = PBXTargetDependency;
			target = 524CAD21219DB3E60014980B /* WPBrowser */;
			targetProxy = 524CAD42219DB3ED0014980B /* PBXContainerItemProxy */;
		};
/* End PBXTargetDependency section */

/* Begin PBXVariantGroup section */
		524CAD29219DB3E60014980B /* Main.storyboard */ = {
			isa = PBXVariantGroup;
			children = (
				524CAD2A219DB3E60014980B /* Base */,
			);
			name = Main.storyboard;
			sourceTree = "<group>";
		};
		524CAD2E219DB3ED0014980B /* LaunchScreen.storyboard */ = {
			isa = PBXVariantGroup;
			children = (
				524CAD2F219DB3ED0014980B /* Base */,
			);
			name = LaunchScreen.storyboard;
			sourceTree = "<group>";
		};
/* End PBXVariantGroup section */

/* Begin XCBuildConfiguration section */
		524CAD48219DB3ED0014980B /* Debug */ = {
			isa = XCBuildConfiguration;
			buildSettings = {
				ALWAYS_SEARCH_USER_PATHS = NO;
				CLANG_ANALYZER_NONNULL = YES;
				CLANG_ANALYZER_NUMBER_OBJECT_CONVERSION = YES_AGGRESSIVE;
				CLANG_CXX_LANGUAGE_STANDARD = "gnu++14";
				CLANG_CXX_LIBRARY = "libc++";
				CLANG_ENABLE_MODULES = YES;
				CLANG_ENABLE_OBJC_ARC = YES;
				CLANG_ENABLE_OBJC_WEAK = YES;
				CLANG_WARN_BLOCK_CAPTURE_AUTORELEASING = YES;
				CLANG_WARN_BOOL_CONVERSION = YES;
				CLANG_WARN_COMMA = YES;
				CLANG_WARN_CONSTANT_CONVERSION = YES;
				CLANG_WARN_DEPRECATED_OBJC_IMPLEMENTATIONS = YES;
				CLANG_WARN_DIRECT_OBJC_ISA_USAGE = YES_ERROR;
				CLANG_WARN_DOCUMENTATION_COMMENTS = YES;
				CLANG_WARN_EMPTY_BODY = YES;
				CLANG_WARN_ENUM_CONVERSION = YES;
				CLANG_WARN_INFINITE_RECURSION = YES;
				CLANG_WARN_INT_CONVERSION = YES;
				CLANG_WARN_NON_LITERAL_NULL_CONVERSION = YES;
				CLANG_WARN_OBJC_IMPLICIT_RETAIN_SELF = YES;
				CLANG_WARN_OBJC_LITERAL_CONVERSION = YES;
				CLANG_WARN_OBJC_ROOT_CLASS = YES_ERROR;
				CLANG_WARN_RANGE_LOOP_ANALYSIS = YES;
				CLANG_WARN_STRICT_PROTOTYPES = YES;
				CLANG_WARN_SUSPICIOUS_MOVE = YES;
				CLANG_WARN_UNGUARDED_AVAILABILITY = YES_AGGRESSIVE;
				CLANG_WARN_UNREACHABLE_CODE = YES;
				CLANG_WARN__DUPLICATE_METHOD_MATCH = YES;
				CODE_SIGN_IDENTITY = "iPhone Developer";
				COPY_PHASE_STRIP = NO;
				DEBUG_INFORMATION_FORMAT = dwarf;
				ENABLE_STRICT_OBJC_MSGSEND = YES;
				ENABLE_TESTABILITY = YES;
				GCC_C_LANGUAGE_STANDARD = gnu11;
				GCC_DYNAMIC_NO_PIC = NO;
				GCC_NO_COMMON_BLOCKS = YES;
				GCC_OPTIMIZATION_LEVEL = 0;
				GCC_PREPROCESSOR_DEFINITIONS = (
					"DEBUG=1",
					"$(inherited)",
				);
				GCC_WARN_64_TO_32_BIT_CONVERSION = YES;
				GCC_WARN_ABOUT_RETURN_TYPE = YES_ERROR;
				GCC_WARN_UNDECLARED_SELECTOR = YES;
				GCC_WARN_UNINITIALIZED_AUTOS = YES_AGGRESSIVE;
				GCC_WARN_UNUSED_FUNCTION = YES;
				GCC_WARN_UNUSED_VARIABLE = YES;
				IPHONEOS_DEPLOYMENT_TARGET = 12.1;
				MTL_ENABLE_DEBUG_INFO = INCLUDE_SOURCE;
				MTL_FAST_MATH = YES;
				ONLY_ACTIVE_ARCH = YES;
				SDKROOT = iphoneos;
				SWIFT_ACTIVE_COMPILATION_CONDITIONS = DEBUG;
				SWIFT_OPTIMIZATION_LEVEL = "-Onone";
			};
			name = Debug;
		};
		524CAD49219DB3ED0014980B /* Release */ = {
			isa = XCBuildConfiguration;
			buildSettings = {
				ALWAYS_SEARCH_USER_PATHS = NO;
				CLANG_ANALYZER_NONNULL = YES;
				CLANG_ANALYZER_NUMBER_OBJECT_CONVERSION = YES_AGGRESSIVE;
				CLANG_CXX_LANGUAGE_STANDARD = "gnu++14";
				CLANG_CXX_LIBRARY = "libc++";
				CLANG_ENABLE_MODULES = YES;
				CLANG_ENABLE_OBJC_ARC = YES;
				CLANG_ENABLE_OBJC_WEAK = YES;
				CLANG_WARN_BLOCK_CAPTURE_AUTORELEASING = YES;
				CLANG_WARN_BOOL_CONVERSION = YES;
				CLANG_WARN_COMMA = YES;
				CLANG_WARN_CONSTANT_CONVERSION = YES;
				CLANG_WARN_DEPRECATED_OBJC_IMPLEMENTATIONS = YES;
				CLANG_WARN_DIRECT_OBJC_ISA_USAGE = YES_ERROR;
				CLANG_WARN_DOCUMENTATION_COMMENTS = YES;
				CLANG_WARN_EMPTY_BODY = YES;
				CLANG_WARN_ENUM_CONVERSION = YES;
				CLANG_WARN_INFINITE_RECURSION = YES;
				CLANG_WARN_INT_CONVERSION = YES;
				CLANG_WARN_NON_LITERAL_NULL_CONVERSION = YES;
				CLANG_WARN_OBJC_IMPLICIT_RETAIN_SELF = YES;
				CLANG_WARN_OBJC_LITERAL_CONVERSION = YES;
				CLANG_WARN_OBJC_ROOT_CLASS = YES_ERROR;
				CLANG_WARN_RANGE_LOOP_ANALYSIS = YES;
				CLANG_WARN_STRICT_PROTOTYPES = YES;
				CLANG_WARN_SUSPICIOUS_MOVE = YES;
				CLANG_WARN_UNGUARDED_AVAILABILITY = YES_AGGRESSIVE;
				CLANG_WARN_UNREACHABLE_CODE = YES;
				CLANG_WARN__DUPLICATE_METHOD_MATCH = YES;
				CODE_SIGN_IDENTITY = "iPhone Developer";
				COPY_PHASE_STRIP = NO;
				DEBUG_INFORMATION_FORMAT = "dwarf-with-dsym";
				ENABLE_NS_ASSERTIONS = NO;
				ENABLE_STRICT_OBJC_MSGSEND = YES;
				GCC_C_LANGUAGE_STANDARD = gnu11;
				GCC_NO_COMMON_BLOCKS = YES;
				GCC_WARN_64_TO_32_BIT_CONVERSION = YES;
				GCC_WARN_ABOUT_RETURN_TYPE = YES_ERROR;
				GCC_WARN_UNDECLARED_SELECTOR = YES;
				GCC_WARN_UNINITIALIZED_AUTOS = YES_AGGRESSIVE;
				GCC_WARN_UNUSED_FUNCTION = YES;
				GCC_WARN_UNUSED_VARIABLE = YES;
				IPHONEOS_DEPLOYMENT_TARGET = 12.1;
				MTL_ENABLE_DEBUG_INFO = NO;
				MTL_FAST_MATH = YES;
				SDKROOT = iphoneos;
				SWIFT_COMPILATION_MODE = wholemodule;
				SWIFT_OPTIMIZATION_LEVEL = "-O";
				VALIDATE_PRODUCT = YES;
			};
			name = Release;
		};
		524CAD4B219DB3ED0014980B /* Debug */ = {
			isa = XCBuildConfiguration;
			buildSettings = {
				ASSETCATALOG_COMPILER_APPICON_NAME = AppIcon;
				CODE_SIGN_STYLE = Automatic;
				DEVELOPMENT_TEAM = Z23YQJ49WW;
				INFOPLIST_FILE = WPBrowser/Info.plist;
				LD_RUNPATH_SEARCH_PATHS = (
					"$(inherited)",
					"@executable_path/Frameworks",
				);
				PRODUCT_BUNDLE_IDENTIFIER = com.ymgn.WPBrowser;
				PRODUCT_NAME = "$(TARGET_NAME)";
				SWIFT_VERSION = 4.2;
				TARGETED_DEVICE_FAMILY = "1,2";
			};
			name = Debug;
		};
		524CAD4C219DB3ED0014980B /* Release */ = {
			isa = XCBuildConfiguration;
			buildSettings = {
				ASSETCATALOG_COMPILER_APPICON_NAME = AppIcon;
				CODE_SIGN_STYLE = Automatic;
				DEVELOPMENT_TEAM = Z23YQJ49WW;
				INFOPLIST_FILE = WPBrowser/Info.plist;
				LD_RUNPATH_SEARCH_PATHS = (
					"$(inherited)",
					"@executable_path/Frameworks",
				);
				PRODUCT_BUNDLE_IDENTIFIER = com.ymgn.WPBrowser;
				PRODUCT_NAME = "$(TARGET_NAME)";
				SWIFT_VERSION = 4.2;
				TARGETED_DEVICE_FAMILY = "1,2";
			};
			name = Release;
		};
		524CAD4E219DB3ED0014980B /* Debug */ = {
			isa = XCBuildConfiguration;
			buildSettings = {
				ALWAYS_EMBED_SWIFT_STANDARD_LIBRARIES = YES;
				BUNDLE_LOADER = "$(TEST_HOST)";
				CODE_SIGN_STYLE = Automatic;
				DEVELOPMENT_TEAM = Z23YQJ49WW;
				INFOPLIST_FILE = WPBrowserTests/Info.plist;
				LD_RUNPATH_SEARCH_PATHS = (
					"$(inherited)",
					"@executable_path/Frameworks",
					"@loader_path/Frameworks",
				);
				PRODUCT_BUNDLE_IDENTIFIER = com.ymgn.WPBrowserTests;
				PRODUCT_NAME = "$(TARGET_NAME)";
				SWIFT_VERSION = 4.2;
				TARGETED_DEVICE_FAMILY = "1,2";
				TEST_HOST = "$(BUILT_PRODUCTS_DIR)/WPBrowser.app/WPBrowser";
			};
			name = Debug;
		};
		524CAD4F219DB3ED0014980B /* Release */ = {
			isa = XCBuildConfiguration;
			buildSettings = {
				ALWAYS_EMBED_SWIFT_STANDARD_LIBRARIES = YES;
				BUNDLE_LOADER = "$(TEST_HOST)";
				CODE_SIGN_STYLE = Automatic;
				DEVELOPMENT_TEAM = Z23YQJ49WW;
				INFOPLIST_FILE = WPBrowserTests/Info.plist;
				LD_RUNPATH_SEARCH_PATHS = (
					"$(inherited)",
					"@executable_path/Frameworks",
					"@loader_path/Frameworks",
				);
				PRODUCT_BUNDLE_IDENTIFIER = com.ymgn.WPBrowserTests;
				PRODUCT_NAME = "$(TARGET_NAME)";
				SWIFT_VERSION = 4.2;
				TARGETED_DEVICE_FAMILY = "1,2";
				TEST_HOST = "$(BUILT_PRODUCTS_DIR)/WPBrowser.app/WPBrowser";
			};
			name = Release;
		};
		524CAD51219DB3ED0014980B /* Debug */ = {
			isa = XCBuildConfiguration;
			buildSettings = {
				ALWAYS_EMBED_SWIFT_STANDARD_LIBRARIES = YES;
				CODE_SIGN_STYLE = Automatic;
				DEVELOPMENT_TEAM = Z23YQJ49WW;
				INFOPLIST_FILE = WPBrowserUITests/Info.plist;
				LD_RUNPATH_SEARCH_PATHS = (
					"$(inherited)",
					"@executable_path/Frameworks",
					"@loader_path/Frameworks",
				);
				PRODUCT_BUNDLE_IDENTIFIER = com.ymgn.WPBrowserUITests;
				PRODUCT_NAME = "$(TARGET_NAME)";
				SWIFT_VERSION = 4.2;
				TARGETED_DEVICE_FAMILY = "1,2";
				TEST_TARGET_NAME = WPBrowser;
			};
			name = Debug;
		};
		524CAD52219DB3ED0014980B /* Release */ = {
			isa = XCBuildConfiguration;
			buildSettings = {
				ALWAYS_EMBED_SWIFT_STANDARD_LIBRARIES = YES;
				CODE_SIGN_STYLE = Automatic;
				DEVELOPMENT_TEAM = Z23YQJ49WW;
				INFOPLIST_FILE = WPBrowserUITests/Info.plist;
				LD_RUNPATH_SEARCH_PATHS = (
					"$(inherited)",
					"@executable_path/Frameworks",
					"@loader_path/Frameworks",
				);
				PRODUCT_BUNDLE_IDENTIFIER = com.ymgn.WPBrowserUITests;
				PRODUCT_NAME = "$(TARGET_NAME)";
				SWIFT_VERSION = 4.2;
				TARGETED_DEVICE_FAMILY = "1,2";
				TEST_TARGET_NAME = WPBrowser;
			};
			name = Release;
		};
/* End XCBuildConfiguration section */

/* Begin XCConfigurationList section */
		524CAD1D219DB3E60014980B /* Build configuration list for PBXProject "WPBrowser" */ = {
			isa = XCConfigurationList;
			buildConfigurations = (
				524CAD48219DB3ED0014980B /* Debug */,
				524CAD49219DB3ED0014980B /* Release */,
			);
			defaultConfigurationIsVisible = 0;
			defaultConfigurationName = Release;
		};
		524CAD4A219DB3ED0014980B /* Build configuration list for PBXNativeTarget "WPBrowser" */ = {
			isa = XCConfigurationList;
			buildConfigurations = (
				524CAD4B219DB3ED0014980B /* Debug */,
				524CAD4C219DB3ED0014980B /* Release */,
			);
			defaultConfigurationIsVisible = 0;
			defaultConfigurationName = Release;
		};
		524CAD4D219DB3ED0014980B /* Build configuration list for PBXNativeTarget "WPBrowserTests" */ = {
			isa = XCConfigurationList;
			buildConfigurations = (
				524CAD4E219DB3ED0014980B /* Debug */,
				524CAD4F219DB3ED0014980B /* Release */,
			);
			defaultConfigurationIsVisible = 0;
			defaultConfigurationName = Release;
		};
		524CAD50219DB3ED0014980B /* Build configuration list for PBXNativeTarget "WPBrowserUITests" */ = {
			isa = XCConfigurationList;
			buildConfigurations = (
				524CAD51219DB3ED0014980B /* Debug */,
				524CAD52219DB3ED0014980B /* Release */,
			);
			defaultConfigurationIsVisible = 0;
			defaultConfigurationName = Release;
		};
/* End XCConfigurationList section */
	};
	rootObject = 524CAD1A219DB3E60014980B /* Project object */;
}
